<?xml version="1.0" encoding="utf-8"?>
<Project ToolsVersion="4.0" xmlns="http://schemas.microsoft.com/developer/msbuild/2003">
  <ItemGroup>
    <Filter Include="Source Files">
      <UniqueIdentifier>{4FC737F1-C7A5-4376-A066-2A32D752A2FF}</UniqueIdentifier>
      <Extensions>cpp;c;cc;cxx;def;odl;idl;hpj;bat;asm;asmx</Extensions>
    </Filter>
    <Filter Include="Header Files">
      <UniqueIdentifier>{93995380-89BD-4b04-88EB-625FBE52EBFB}</UniqueIdentifier>
      <Extensions>h;hh;hpp;hxx;hm;inl;inc;xsd</Extensions>
    </Filter>
    <Filter Include="Resource Files">
      <UniqueIdentifier>{67DA6AB6-F800-4c08-8B7A-83BB121AAD01}</UniqueIdentifier>
      <Extensions>rc;ico;cur;bmp;dlg;rc2;rct;bin;rgs;gif;jpg;jpeg;jpe;resx;tiff;tif;png;wav;mfcribbon-ms</Extensions>
    </Filter>
    <Filter Include="Source Files\common">
      <UniqueIdentifier>{1d401567-a44f-421e-ac49-7cf60c536f43}</UniqueIdentifier>
    </Filter>
    <Filter Include="Source Files\platform">
      <UniqueIdentifier>{d20b6381-b7ec-495f-abae-07539acfb83f}</UniqueIdentifier>
    </Filter>
    <Filter Include="Source Files\common\A3_DEMO">
      <UniqueIdentifier>{dda03ea8-3626-4309-9618-9d7c5653f2a1}</UniqueIdentifier>
    </Filter>
    <Filter Include="Header Files\A3_DEMO">
      <UniqueIdentifier>{858c921c-d67d-4e51-b6c0-0f4d8257d22c}</UniqueIdentifier>
    </Filter>
    <Filter Include="Resource Files\A3_DEMO">
      <UniqueIdentifier>{d061064f-0ee7-45dc-afc1-2fb200b50b87}</UniqueIdentifier>
    </Filter>
    <Filter Include="Resource Files\A3_DEMO\glsl">
      <UniqueIdentifier>{57770b2e-d573-407d-9b4a-66b59653d8a3}</UniqueIdentifier>
    </Filter>
    <Filter Include="Resource Files\A3_DEMO\glsl\4x">
      <UniqueIdentifier>{baef5553-8143-4e09-b432-4db39f33224e}</UniqueIdentifier>
    </Filter>
    <Filter Include="Resource Files\A3_DEMO\glsl\4x\vs">
      <UniqueIdentifier>{b23c4635-6a55-432e-9453-d8ecd1441102}</UniqueIdentifier>
    </Filter>
    <Filter Include="Resource Files\A3_DEMO\glsl\4x\fs">
      <UniqueIdentifier>{a1c202b9-b43e-420b-8f3a-510ab7f41122}</UniqueIdentifier>
    </Filter>
    <Filter Include="Resource Files\A3_DEMO\glsl\4x\gs">
      <UniqueIdentifier>{ba76bf87-4f53-4fa1-8110-f7b9b074ca1b}</UniqueIdentifier>
    </Filter>
    <Filter Include="Resource Files\A3_DEMO\glsl\4x\ts">
      <UniqueIdentifier>{5d8c89cc-e259-49f5-8f82-c314680ac233}</UniqueIdentifier>
    </Filter>
    <Filter Include="Resource Files\A3_DEMO\glsl\4x\cs">
      <UniqueIdentifier>{44168005-08e4-4cd8-99aa-3a94953c559e}</UniqueIdentifier>
    </Filter>
    <Filter Include="Source Files\common\A3_DEMO\a3_DemoState">
      <UniqueIdentifier>{099be26f-4fce-44e2-ab33-a6aa6cb8589e}</UniqueIdentifier>
    </Filter>
    <Filter Include="Resource Files\A3_DEMO\glsl\4x\fs\00-common">
      <UniqueIdentifier>{8e96f663-13b6-4494-88f1-e0ec989ce374}</UniqueIdentifier>
    </Filter>
    <Filter Include="Resource Files\A3_DEMO\glsl\4x\gs\00-common">
      <UniqueIdentifier>{402662c4-8504-4a31-aa29-ba50d47f9702}</UniqueIdentifier>
    </Filter>
    <Filter Include="Resource Files\A3_DEMO\glsl\4x\vs\00-common">
      <UniqueIdentifier>{169282bb-c283-4ebc-b9e7-f24c489c69af}</UniqueIdentifier>
    </Filter>
    <Filter Include="Header Files\A3_DEMO\_a3_demo_utilities">
      <UniqueIdentifier>{1d614140-0b1a-4cc2-9639-0e07353d4c02}</UniqueIdentifier>
    </Filter>
    <Filter Include="Header Files\A3_DEMO\_animation">
      <UniqueIdentifier>{4957b083-10af-40c8-9163-0fcd0c1386ba}</UniqueIdentifier>
    </Filter>
    <Filter Include="Header Files\A3_DEMO\_a3_demo_utilities\_inl">
      <UniqueIdentifier>{ea7f0414-e156-4804-b007-33b6502b72aa}</UniqueIdentifier>
    </Filter>
    <Filter Include="Source Files\common\A3_DEMO\_a3_demo_utilities">
      <UniqueIdentifier>{34c0ecdc-5fec-4c79-9e23-f566a3250126}</UniqueIdentifier>
    </Filter>
    <Filter Include="Source Files\common\A3_DEMO\_animation">
      <UniqueIdentifier>{62ab78f5-2ea3-4abf-a07f-90a34e69e634}</UniqueIdentifier>
    </Filter>
    <Filter Include="Header Files\A3_DEMO\_animation\_inl">
      <UniqueIdentifier>{bdb95341-5739-4480-aecb-2fa62cb25469}</UniqueIdentifier>
    </Filter>
    <Filter Include="Source Files\common\A3_DEMO\a3_DemoMode0_Intro">
      <UniqueIdentifier>{659f3cdc-34ef-43d7-b075-563437b21415}</UniqueIdentifier>
    </Filter>
    <Filter Include="Source Files\common\A3_DEMO\a3_DemoMode1_PostProc">
      <UniqueIdentifier>{535ceb39-6b96-435d-80f1-ba792e2e0152}</UniqueIdentifier>
    </Filter>
    <Filter Include="Resource Files\A3_DEMO\glsl\4x\fs\01-pipeline">
      <UniqueIdentifier>{81ed0ea3-42b4-491c-a1aa-6c6d712f0d6f}</UniqueIdentifier>
    </Filter>
    <Filter Include="Resource Files\A3_DEMO\glsl\4x\vs\01-pipeline">
      <UniqueIdentifier>{619e5605-751b-423c-8dcc-11dd46336862}</UniqueIdentifier>
    </Filter>
    <Filter Include="Source Files\common\A3_DEMO\a3_DemoMode2_SSFX">
      <UniqueIdentifier>{0cb0ddf7-8699-4062-bf30-a7859746070d}</UniqueIdentifier>
    </Filter>
    <Filter Include="Resource Files\A3_DEMO\glsl\4x\fs\02-pipeline-deferred">
      <UniqueIdentifier>{d17e2fff-5327-4369-a6a9-5d172fee238e}</UniqueIdentifier>
    </Filter>
    <Filter Include="Resource Files\A3_DEMO\glsl\4x\vs\02-pipeline-deferred">
      <UniqueIdentifier>{47d991af-a531-48a1-9ac6-3c4e519e0ede}</UniqueIdentifier>
    </Filter>
  </ItemGroup>
  <ItemGroup>
    <ClCompile Include="_src_win\main_dll.c">
      <Filter>Source Files\platform</Filter>
    </ClCompile>
    <ClCompile Include="..\..\..\source\animal3D-DemoPlugin\A3_DEMO\_a3_demo_callbacks.c">
      <Filter>Source Files\common\A3_DEMO</Filter>
    </ClCompile>
    <ClCompile Include="..\..\..\source\animal3D-DemoPlugin\A3_DEMO\a3_DemoState\a3_DemoState-idle-input.c">
      <Filter>Source Files\common\A3_DEMO\a3_DemoState</Filter>
    </ClCompile>
    <ClCompile Include="..\..\..\source\animal3D-DemoPlugin\A3_DEMO\a3_DemoState\a3_DemoState-idle-render.c">
      <Filter>Source Files\common\A3_DEMO\a3_DemoState</Filter>
    </ClCompile>
    <ClCompile Include="..\..\..\source\animal3D-DemoPlugin\A3_DEMO\a3_DemoState\a3_DemoState-idle-update.c">
      <Filter>Source Files\common\A3_DEMO\a3_DemoState</Filter>
    </ClCompile>
    <ClCompile Include="..\..\..\source\animal3D-DemoPlugin\A3_DEMO\a3_DemoState\a3_DemoState-unload.c">
      <Filter>Source Files\common\A3_DEMO\a3_DemoState</Filter>
    </ClCompile>
    <ClCompile Include="..\..\..\source\animal3D-DemoPlugin\A3_DEMO\a3_DemoState\a3_DemoState-load.c">
      <Filter>Source Files\common\A3_DEMO\a3_DemoState</Filter>
    </ClCompile>
    <ClCompile Include="..\..\..\source\animal3D-DemoPlugin\A3_DEMO\_a3_demo_utilities\_src\a3_DemoRenderUtils.c">
      <Filter>Source Files\common\A3_DEMO\_a3_demo_utilities</Filter>
    </ClCompile>
    <ClCompile Include="..\..\..\source\animal3D-DemoPlugin\A3_DEMO\_a3_demo_utilities\_src\a3_DemoSceneObject.c">
      <Filter>Source Files\common\A3_DEMO\_a3_demo_utilities</Filter>
    </ClCompile>
    <ClCompile Include="..\..\..\source\animal3D-DemoPlugin\A3_DEMO\_animation\_src\a3_Hierarchy.c">
      <Filter>Source Files\common\A3_DEMO\_animation</Filter>
    </ClCompile>
    <ClCompile Include="..\..\..\source\animal3D-DemoPlugin\A3_DEMO\a3_DemoMode0_Intro\a3_DemoMode0_Intro-idle-input.c">
      <Filter>Source Files\common\A3_DEMO\a3_DemoMode0_Intro</Filter>
    </ClCompile>
    <ClCompile Include="..\..\..\source\animal3D-DemoPlugin\A3_DEMO\a3_DemoMode0_Intro\a3_DemoMode0_Intro-idle-render.c">
      <Filter>Source Files\common\A3_DEMO\a3_DemoMode0_Intro</Filter>
    </ClCompile>
    <ClCompile Include="..\..\..\source\animal3D-DemoPlugin\A3_DEMO\a3_DemoMode0_Intro\a3_DemoMode0_Intro-idle-update.c">
      <Filter>Source Files\common\A3_DEMO\a3_DemoMode0_Intro</Filter>
    </ClCompile>
    <ClCompile Include="..\..\..\source\animal3D-DemoPlugin\A3_DEMO\a3_DemoMode0_Intro\a3_DemoMode0_Intro-load.c">
      <Filter>Source Files\common\A3_DEMO\a3_DemoMode0_Intro</Filter>
    </ClCompile>
    <ClCompile Include="..\..\..\source\animal3D-DemoPlugin\A3_DEMO\a3_DemoMode0_Intro\a3_DemoMode0_Intro-unload.c">
      <Filter>Source Files\common\A3_DEMO\a3_DemoMode0_Intro</Filter>
    </ClCompile>
    <ClCompile Include="..\..\..\source\animal3D-DemoPlugin\A3_DEMO\a3_DemoMode1_PostProc\a3_DemoMode1_PostProc-idle-input.c">
      <Filter>Source Files\common\A3_DEMO\a3_DemoMode1_PostProc</Filter>
    </ClCompile>
    <ClCompile Include="..\..\..\source\animal3D-DemoPlugin\A3_DEMO\a3_DemoMode1_PostProc\a3_DemoMode1_PostProc-idle-render.c">
      <Filter>Source Files\common\A3_DEMO\a3_DemoMode1_PostProc</Filter>
    </ClCompile>
    <ClCompile Include="..\..\..\source\animal3D-DemoPlugin\A3_DEMO\a3_DemoMode1_PostProc\a3_DemoMode1_PostProc-idle-update.c">
      <Filter>Source Files\common\A3_DEMO\a3_DemoMode1_PostProc</Filter>
    </ClCompile>
    <ClCompile Include="..\..\..\source\animal3D-DemoPlugin\A3_DEMO\a3_DemoMode1_PostProc\a3_DemoMode1_PostProc-load.c">
      <Filter>Source Files\common\A3_DEMO\a3_DemoMode1_PostProc</Filter>
    </ClCompile>
    <ClCompile Include="..\..\..\source\animal3D-DemoPlugin\A3_DEMO\a3_DemoMode1_PostProc\a3_DemoMode1_PostProc-unload.c">
      <Filter>Source Files\common\A3_DEMO\a3_DemoMode1_PostProc</Filter>
    </ClCompile>
    <ClCompile Include="..\..\..\source\animal3D-DemoPlugin\A3_DEMO\a3_DemoMode2_SSFX\a3_DemoMode2_SSFX-idle-input.c">
      <Filter>Source Files\common\A3_DEMO\a3_DemoMode2_SSFX</Filter>
    </ClCompile>
    <ClCompile Include="..\..\..\source\animal3D-DemoPlugin\A3_DEMO\a3_DemoMode2_SSFX\a3_DemoMode2_SSFX-idle-render.c">
      <Filter>Source Files\common\A3_DEMO\a3_DemoMode2_SSFX</Filter>
    </ClCompile>
    <ClCompile Include="..\..\..\source\animal3D-DemoPlugin\A3_DEMO\a3_DemoMode2_SSFX\a3_DemoMode2_SSFX-idle-update.c">
      <Filter>Source Files\common\A3_DEMO\a3_DemoMode2_SSFX</Filter>
    </ClCompile>
    <ClCompile Include="..\..\..\source\animal3D-DemoPlugin\A3_DEMO\a3_DemoMode2_SSFX\a3_DemoMode2_SSFX-load.c">
      <Filter>Source Files\common\A3_DEMO\a3_DemoMode2_SSFX</Filter>
    </ClCompile>
    <ClCompile Include="..\..\..\source\animal3D-DemoPlugin\A3_DEMO\a3_DemoMode2_SSFX\a3_DemoMode2_SSFX-unload.c">
      <Filter>Source Files\common\A3_DEMO\a3_DemoMode2_SSFX</Filter>
    </ClCompile>
  </ItemGroup>
  <ItemGroup>
    <ClInclude Include="..\..\..\source\animal3D-DemoPlugin\A3_DEMO\a3_DemoState.h">
      <Filter>Header Files\A3_DEMO</Filter>
    </ClInclude>
    <ClInclude Include="..\..\..\source\animal3D-DemoPlugin\_a3_dylib_config_export.h">
      <Filter>Header Files</Filter>
    </ClInclude>
    <ClInclude Include="..\..\..\source\animal3D-DemoPlugin\A3_DEMO\_a3_demo_utilities\a3_DemoMacros.h">
      <Filter>Header Files\A3_DEMO\_a3_demo_utilities</Filter>
    </ClInclude>
    <ClInclude Include="..\..\..\source\animal3D-DemoPlugin\A3_DEMO\_a3_demo_utilities\a3_DemoRenderUtils.h">
      <Filter>Header Files\A3_DEMO\_a3_demo_utilities</Filter>
    </ClInclude>
    <ClInclude Include="..\..\..\source\animal3D-DemoPlugin\A3_DEMO\_a3_demo_utilities\a3_DemoSceneObject.h">
      <Filter>Header Files\A3_DEMO\_a3_demo_utilities</Filter>
    </ClInclude>
    <ClInclude Include="..\..\..\source\animal3D-DemoPlugin\A3_DEMO\_a3_demo_utilities\a3_DemoShaderProgram.h">
      <Filter>Header Files\A3_DEMO\_a3_demo_utilities</Filter>
    </ClInclude>
    <ClInclude Include="..\..\..\source\animal3D-DemoPlugin\A3_DEMO\_animation\a3_Hierarchy.h">
      <Filter>Header Files\A3_DEMO\_animation</Filter>
    </ClInclude>
    <ClInclude Include="..\..\..\source\animal3D-DemoPlugin\A3_DEMO\a3_DemoMode0_Intro.h">
      <Filter>Header Files\A3_DEMO</Filter>
    </ClInclude>
    <ClInclude Include="..\..\..\source\animal3D-DemoPlugin\A3_DEMO\a3_DemoMode1_PostProc.h">
      <Filter>Header Files\A3_DEMO</Filter>
    </ClInclude>
    <ClInclude Include="..\..\..\source\animal3D-DemoPlugin\A3_DEMO\a3_DemoMode2_SSFX.h">
      <Filter>Header Files\A3_DEMO</Filter>
    </ClInclude>
  </ItemGroup>
  <ItemGroup>
    <None Include="..\..\..\resource\glsl\4x\fs\drawColorAttrib_fs4x.glsl">
      <Filter>Resource Files\A3_DEMO\glsl\4x\fs</Filter>
    </None>
    <None Include="..\..\..\resource\glsl\4x\fs\drawColorUnif_fs4x.glsl">
      <Filter>Resource Files\A3_DEMO\glsl\4x\fs</Filter>
    </None>
    <None Include="..\..\..\resource\glsl\4x\vs\passColor_transform_vs4x.glsl">
      <Filter>Resource Files\A3_DEMO\glsl\4x\vs</Filter>
    </None>
    <None Include="..\..\..\resource\glsl\4x\vs\passthru_transform_vs4x.glsl">
      <Filter>Resource Files\A3_DEMO\glsl\4x\vs</Filter>
    </None>
    <None Include="..\..\..\resource\glsl\4x\vs\passthru_transform_instanced_vs4x.glsl">
      <Filter>Resource Files\A3_DEMO\glsl\4x\vs</Filter>
    </None>
    <None Include="..\..\..\resource\glsl\4x\vs\passColor_transform_instanced_vs4x.glsl">
      <Filter>Resource Files\A3_DEMO\glsl\4x\vs</Filter>
    </None>
    <None Include="..\..\..\resource\glsl\4x\vs\passthru_vs4x.glsl">
      <Filter>Resource Files\A3_DEMO\glsl\4x\vs</Filter>
    </None>
    <None Include="..\..\..\resource\glsl\4x\vs\00-common\passTangentBasis_transform_instanced_vs4x.glsl">
      <Filter>Resource Files\A3_DEMO\glsl\4x\vs\00-common</Filter>
    </None>
    <None Include="..\..\..\resource\glsl\4x\vs\00-common\passTangentBasis_transform_vs4x.glsl">
      <Filter>Resource Files\A3_DEMO\glsl\4x\vs\00-common</Filter>
    </None>
    <None Include="..\..\..\resource\glsl\4x\vs\00-common\passTexcoord_transform_instanced_vs4x.glsl">
      <Filter>Resource Files\A3_DEMO\glsl\4x\vs\00-common</Filter>
    </None>
    <None Include="..\..\..\resource\glsl\4x\vs\00-common\passTexcoord_transform_vs4x.glsl">
      <Filter>Resource Files\A3_DEMO\glsl\4x\vs\00-common</Filter>
    </None>
    <None Include="..\..\..\resource\glsl\4x\gs\00-common\drawTangentBasis_gs4x.glsl">
      <Filter>Resource Files\A3_DEMO\glsl\4x\gs\00-common</Filter>
    </None>
    <None Include="..\..\..\resource\glsl\4x\fs\00-common\drawLambert_fs4x.glsl">
      <Filter>Resource Files\A3_DEMO\glsl\4x\fs\00-common</Filter>
    </None>
    <None Include="..\..\..\resource\glsl\4x\fs\00-common\drawPhong_fs4x.glsl">
      <Filter>Resource Files\A3_DEMO\glsl\4x\fs\00-common</Filter>
    </None>
    <None Include="..\..\..\resource\glsl\4x\fs\00-common\drawTexture_fs4x.glsl">
      <Filter>Resource Files\A3_DEMO\glsl\4x\fs\00-common</Filter>
    </None>
    <None Include="..\..\..\resource\glsl\4x\fs\00-common\utilCommon_fs4x.glsl">
      <Filter>Resource Files\A3_DEMO\glsl\4x\fs\00-common</Filter>
    </None>
    <None Include="..\..\..\resource\glsl\4x\vs\00-common\utilCommon_vs4x.glsl">
      <Filter>Resource Files\A3_DEMO\glsl\4x\vs\00-common</Filter>
    </None>
    <None Include="..\..\..\resource\glsl\4x\gs\00-common\utilCommon_gs4x.glsl">
      <Filter>Resource Files\A3_DEMO\glsl\4x\gs\00-common</Filter>
    </None>
    <None Include="..\..\..\source\animal3D-DemoPlugin\A3_DEMO\_a3_demo_utilities\_inl\a3_DemoRenderUtils.inl">
      <Filter>Header Files\A3_DEMO\_a3_demo_utilities\_inl</Filter>
    </None>
    <None Include="..\..\..\source\animal3D-DemoPlugin\A3_DEMO\_animation\_inl\a3_Hierarchy.inl">
      <Filter>Header Files\A3_DEMO\_animation\_inl</Filter>
    </None>
    <None Include="..\..\..\resource\glsl\4x\vs\01-pipeline\passTangentBasis_shadowCoord_transform_instanced_vs4x.glsl">
      <Filter>Resource Files\A3_DEMO\glsl\4x\vs\01-pipeline</Filter>
    </None>
    <None Include="..\..\..\resource\glsl\4x\vs\01-pipeline\passTangentBasis_shadowCoord_transform_vs4x.glsl">
      <Filter>Resource Files\A3_DEMO\glsl\4x\vs\01-pipeline</Filter>
    </None>
    <None Include="..\..\..\resource\glsl\4x\fs\01-pipeline\drawPhong_shadow_fs4x.glsl">
      <Filter>Resource Files\A3_DEMO\glsl\4x\fs\01-pipeline</Filter>
    </None>
    <None Include="..\..\..\resource\glsl\4x\fs\01-pipeline\postBlend_fs4x.glsl">
      <Filter>Resource Files\A3_DEMO\glsl\4x\fs\01-pipeline</Filter>
    </None>
    <None Include="..\..\..\resource\glsl\4x\fs\01-pipeline\postBlur_fs4x.glsl">
      <Filter>Resource Files\A3_DEMO\glsl\4x\fs\01-pipeline</Filter>
    </None>
    <None Include="..\..\..\resource\glsl\4x\fs\01-pipeline\postBright_fs4x.glsl">
      <Filter>Resource Files\A3_DEMO\glsl\4x\fs\01-pipeline</Filter>
    </None>
    <None Include="..\..\..\resource\glsl\4x\vs\02-pipeline-deferred\passClipBiased_transform_instanced_vs4x.glsl">
      <Filter>Resource Files\A3_DEMO\glsl\4x\vs\02-pipeline-deferred</Filter>
    </None>
    <None Include="..\..\..\resource\glsl\4x\vs\02-pipeline-deferred\passTangentBasis_ubo_transform_vs4x.glsl">
      <Filter>Resource Files\A3_DEMO\glsl\4x\vs\02-pipeline-deferred</Filter>
    </None>
    <None Include="..\..\..\resource\glsl\4x\fs\02-pipeline-deferred\drawGBuffers_fs4x.glsl">
      <Filter>Resource Files\A3_DEMO\glsl\4x\fs\02-pipeline-deferred</Filter>
    </None>
    <None Include="..\..\..\resource\glsl\4x\fs\02-pipeline-deferred\drawPhongNM_fs4x.glsl">
      <Filter>Resource Files\A3_DEMO\glsl\4x\fs\02-pipeline-deferred</Filter>
    </None>
    <None Include="..\..\..\resource\glsl\4x\fs\02-pipeline-deferred\drawPhongPointLight_fs4x.glsl">
      <Filter>Resource Files\A3_DEMO\glsl\4x\fs\02-pipeline-deferred</Filter>
    </None>
    <None Include="..\..\..\resource\glsl\4x\fs\02-pipeline-deferred\postDeferredLightingComposite_fs4x.glsl">
      <Filter>Resource Files\A3_DEMO\glsl\4x\fs\02-pipeline-deferred</Filter>
    </None>
    <None Include="..\..\..\resource\glsl\4x\fs\02-pipeline-deferred\postDeferredShading_fs4x.glsl">
      <Filter>Resource Files\A3_DEMO\glsl\4x\fs\02-pipeline-deferred</Filter>
    </None>
  </ItemGroup>
</Project>